
Microsoft Visual Studio Solution File, Format Version 12.00
# Visual Studio Version 16
VisualStudioVersion = 16.0.29215.179
MinimumVisualStudioVersion = 10.0.40219.1
Project("{FAE04EC0-301F-11D3-BF4B-00C04F79EFBC}") = "FileUploadMVC", "FileUploadMVC\FileUploadMVC.csproj", "{FF3127B5-945C-482F-9903-D82757933A09}"
EndProject
Project("{FAE04EC0-301F-11D3-BF4B-00C04F79EFBC}") = "FileUploadMVC.Data", "FileUploadMVC.Data\FileUploadMVC.Data.csproj", "{86997076-F0E9-45D3-AE6B-4F3C2A8B44EF}"
EndProject
Global
	GlobalSection(SolutionConfigurationPlatforms) = preSolution
		Debug|Any CPU = Debug|Any CPU
		Release|Any CPU = Release|Any CPU
	EndGlobalSection
	GlobalSection(ProjectConfigurationPlatforms) = postSolution
		{FF3127B5-945C-482F-9903-D82757933A09}.Debug|Any CPU.ActiveCfg = Debug|Any CPU
		{FF3127B5-945C-482F-9903-D82757933A09}.Debug|Any CPU.Build.0 = Debug|Any CPU
		{FF3127B5-945C-482F-9903-D82757933A09}.Release|Any CPU.ActiveCfg = Release|Any CPU
		{FF3127B5-945C-482F-9903-D82757933A09}.Release|Any CPU.Build.0 = Release|Any CPU
		{86997076-F0E9-45D3-AE6B-4F3C2A8B44EF}.Debug|Any CPU.ActiveCfg = Debug|Any CPU
		{86997076-F0E9-45D3-AE6B-4F3C2A8B44EF}.Debug|Any CPU.Build.0 = Debug|Any CPU
		{86997076-F0E9-45D3-AE6B-4F3C2A8B44EF}.Release|Any CPU.ActiveCfg = Release|Any CPU
		{86997076-F0E9-45D3-AE6B-4F3C2A8B44EF}.Release|Any CPU.Build.0 = Release|Any CPU
	EndGlobalSection
	GlobalSection(SolutionProperties) = preSolution
		HideSolutionNode = FALSE
	EndGlobalSection
	GlobalSection(ExtensibilityGlobals) = postSolution
		SolutionGuid = {9294B2E6-33A8-49FF-A792-39ADF8F347A9}
	EndGlobalSection
EndGlobal
